// !$*UTF8*$!
{
	archiveVersion = 1;
	classes = {
	};
	objectVersion = 54;
	objects = {

/* Begin PBXBuildFile section */
		86E09784254EB27100568CAF /* MainColorViewController.swift in Sources */ = {isa = PBXBuildFile; fileRef = 86E09783254EB27100568CAF /* MainColorViewController.swift */; };
		86ECACAD253B396600661EFB /* AppDelegate.swift in Sources */ = {isa = PBXBuildFile; fileRef = 86ECACAC253B396600661EFB /* AppDelegate.swift */; };
		86ECACAF253B396600661EFB /* SceneDelegate.swift in Sources */ = {isa = PBXBuildFile; fileRef = 86ECACAE253B396600661EFB /* SceneDelegate.swift */; };
		86ECACB1253B396600661EFB /* SetColorViewController.swift in Sources */ = {isa = PBXBuildFile; fileRef = 86ECACB0253B396600661EFB /* SetColorViewController.swift */; };
		86ECACB4253B396600661EFB /* Main.storyboard in Resources */ = {isa = PBXBuildFile; fileRef = 86ECACB2253B396600661EFB /* Main.storyboard */; };
		86ECACB6253B396800661EFB /* Assets.xcassets in Resources */ = {isa = PBXBuildFile; fileRef = 86ECACB5253B396800661EFB /* Assets.xcassets */; };
		86ECACB9253B396800661EFB /* LaunchScreen.storyboard in Resources */ = {isa = PBXBuildFile; fileRef = 86ECACB7253B396800661EFB /* LaunchScreen.storyboard */; };
/* End PBXBuildFile section */

/* Begin PBXFileReference section */
		86E09783254EB27100568CAF /* MainColorViewController.swift */ = {isa = PBXFileReference; lastKnownFileType = sourcecode.swift; path = MainColorViewController.swift; sourceTree = "<group>"; };
		86ECACA9253B396600661EFB /* HW2.2.HueColorView.app */ = {isa = PBXFileReference; explicitFileType = wrapper.application; includeInIndex = 0; path = HW2.2.HueColorView.app; sourceTree = BUILT_PRODUCTS_DIR; };
		86ECACAC253B396600661EFB /* AppDelegate.swift */ = {isa = PBXFileReference; lastKnownFileType = sourcecode.swift; path = AppDelegate.swift; sourceTree = "<group>"; };
		86ECACAE253B396600661EFB /* SceneDelegate.swift */ = {isa = PBXFileReference; lastKnownFileType = sourcecode.swift; path = SceneDelegate.swift; sourceTree = "<group>"; };
		86ECACB0253B396600661EFB /* SetColorViewController.swift */ = {isa = PBXFileReference; lastKnownFileType = sourcecode.swift; path = SetColorViewController.swift; sourceTree = "<group>"; };
		86ECACB3253B396600661EFB /* Base */ = {isa = PBXFileReference; lastKnownFileType = file.storyboard; name = Base; path = Base.lproj/Main.storyboard; sourceTree = "<group>"; };
		86ECACB5253B396800661EFB /* Assets.xcassets */ = {isa = PBXFileReference; lastKnownFileType = folder.assetcatalog; path = Assets.xcassets; sourceTree = "<group>"; };
		86ECACB8253B396800661EFB /* Base */ = {isa = PBXFileReference; lastKnownFileType = file.storyboard; name = Base; path = Base.lproj/LaunchScreen.storyboard; sourceTree = "<group>"; };
		86ECACBA253B396800661EFB /* Info.plist */ = {isa = PBXFileReference; lastKnownFileType = text.plist.xml; path = Info.plist; sourceTree = "<group>"; };
/* End PBXFileReference section */

/* Begin PBXFrameworksBuildPhase section */
		86ECACA6253B396600661EFB /* Frameworks */ = {
			isa = PBXFrameworksBuildPhase;
			buildActionMask = 2147483647;
			files = (
			);
			runOnlyForDeploymentPostprocessing = 0;
		};
/* End PBXFrameworksBuildPhase section */

/* Begin PBXGroup section */
		865C40AE254F299F00F3E330 /* View Controllers */ = {
			isa = PBXGroup;
			children = (
				86ECACB0253B396600661EFB /* SetColorViewController.swift */,
				86E09783254EB27100568CAF /* MainColorViewController.swift */,
			);
			path = "View Controllers";
			sourceTree = "<group>";
		};
		865C40AF254F29E900F3E330 /* Supporting Files */ = {
			isa = PBXGroup;
			children = (
				86ECACAC253B396600661EFB /* AppDelegate.swift */,
				86ECACAE253B396600661EFB /* SceneDelegate.swift */,
				86ECACBA253B396800661EFB /* Info.plist */,
			);
			path = "Supporting Files";
			sourceTree = "<group>";
		};
		865C40B1254F2A0D00F3E330 /* Storyboards */ = {
			isa = PBXGroup;
			children = (
				86ECACB7253B396800661EFB /* LaunchScreen.storyboard */,
				86ECACB2253B396600661EFB /* Main.storyboard */,
			);
			path = Storyboards;
			sourceTree = "<group>";
		};
		86ECACA0253B396600661EFB = {
			isa = PBXGroup;
			children = (
				86ECACAB253B396600661EFB /* HW2.2.HueColorView */,
				86ECACAA253B396600661EFB /* Products */,
			);
			sourceTree = "<group>";
		};
		86ECACAA253B396600661EFB /* Products */ = {
			isa = PBXGroup;
			children = (
				86ECACA9253B396600661EFB /* HW2.2.HueColorView.app */,
			);
			name = Products;
			sourceTree = "<group>";
		};
		86ECACAB253B396600661EFB /* HW2.2.HueColorView */ = {
			isa = PBXGroup;
			children = (
				865C40AF254F29E900F3E330 /* Supporting Files */,
				865C40AE254F299F00F3E330 /* View Controllers */,
				865C40B1254F2A0D00F3E330 /* Storyboards */,
				86ECACB5253B396800661EFB /* Assets.xcassets */,
			);
			path = HW2.2.HueColorView;
			sourceTree = "<group>";
		};
/* End PBXGroup section */

/* Begin PBXNativeTarget section */
		86ECACA8253B396600661EFB /* HW2.2.HueColorView */ = {
			isa = PBXNativeTarget;
			buildConfigurationList = 86ECACBD253B396800661EFB /* Build configuration list for PBXNativeTarget "HW2.2.HueColorView" */;
			buildPhases = (
				86ECACA5253B396600661EFB /* Sources */,
				86ECACA6253B396600661EFB /* Frameworks */,
				86ECACA7253B396600661EFB /* Resources */,
			);
			buildRules = (
			);
			dependencies = (
			);
			name = HW2.2.HueColorView;
			productName = HW2.2.HueColorView;
			productReference = 86ECACA9253B396600661EFB /* HW2.2.HueColorView.app */;
			productType = "com.apple.product-type.application";
		};
/* End PBXNativeTarget section */

/* Begin PBXProject section */
		86ECACA1253B396600661EFB /* Project object */ = {
			isa = PBXProject;
			attributes = {
				LastSwiftUpdateCheck = 1200;
				LastUpgradeCheck = 1200;
				TargetAttributes = {
					86ECACA8253B396600661EFB = {
						CreatedOnToolsVersion = 12.0.1;
					};
				};
			};
			buildConfigurationList = 86ECACA4253B396600661EFB /* Build configuration list for PBXProject "HW2.2.HueColorView" */;
			compatibilityVersion = "Xcode 12.0";
			developmentRegion = en;
			hasScannedForEncodings = 0;
			knownRegions = (
				en,
				Base,
			);
			mainGroup = 86ECACA0253B396600661EFB;
			productRefGroup = 86ECACAA253B396600661EFB /* Products */;
			projectDirPath = "";
			projectRoot = "";
			targets = (
				86ECACA8253B396600661EFB /* HW2.2.HueColorView */,
			);
		};
/* End PBXProject section */

/* Begin PBXResourcesBuildPhase section */
		86ECACA7253B396600661EFB /* Resources */ = {
			isa = PBXResourcesBuildPhase;
			buildActionMask = 2147483647;
			files = (
				86ECACB9253B396800661EFB /* LaunchScreen.storyboard in Resources */,
				86ECACB6253B396800661EFB /* Assets.xcassets in Resources */,
				86ECACB4253B396600661EFB /* Main.storyboard in Resources */,
			);
			runOnlyForDeploymentPostprocessing = 0;
		};
/* End PBXResourcesBuildPhase section */

/* Begin PBXSourcesBuildPhase section */
		86ECACA5253B396600661EFB /* Sources */ = {
			isa = PBXSourcesBuildPhase;
			buildActionMask = 2147483647;
			files = (
				86ECACB1253B396600661EFB /* SetColorViewController.swift in Sources */,
				86ECACAD253B396600661EFB /* AppDelegate.swift in Sources */,
				86ECACAF253B396600661EFB /* SceneDelegate.swift in Sources */,
				86E09784254EB27100568CAF /* MainColorViewController.swift in Sources */,
			);
			runOnlyForDeploymentPostprocessing = 0;
		};
/* End PBXSourcesBuildPhase section */

/* Begin PBXVariantGroup section */
		86ECACB2253B396600661EFB /* Main.storyboard */ = {
			isa = PBXVariantGroup;
			children = (
				86ECACB3253B396600661EFB /* Base */,
			);
			name = Main.storyboard;
			sourceTree = "<group>";
		};
		86ECACB7253B396800661EFB /* LaunchScreen.storyboard */ = {
			isa = PBXVariantGroup;
			children = (
				86ECACB8253B396800661EFB /* Base */,
			);
			name = LaunchScreen.storyboard;
			sourceTree = "<group>";
		};
/* End PBXVariantGroup section */

/* Begin XCBuildConfiguration section */
		86ECACBB253B396800661EFB /* Debug */ = {
			isa = XCBuildConfiguration;
			buildSettings = {
				ALWAYS_SEARCH_USER_PATHS = NO;
				CLANG_ANALYZER_NONNULL = YES;
				CLANG_ANALYZER_NUMBER_OBJECT_CONVERSION = YES_AGGRESSIVE;
				CLANG_CXX_LANGUAGE_STANDARD = "gnu++14";
				CLANG_CXX_LIBRARY = "libc++";
				CLANG_ENABLE_MODULES = YES;
				CLANG_ENABLE_OBJC_ARC = YES;
				CLANG_ENABLE_OBJC_WEAK = YES;
				CLANG_WARN_BLOCK_CAPTURE_AUTORELEASING = YES;
				CLANG_WARN_BOOL_CONVERSION = YES;
				CLANG_WARN_COMMA = YES;
				CLANG_WARN_CONSTANT_CONVERSION = YES;
				CLANG_WARN_DEPRECATED_OBJC_IMPLEMENTATIONS = YES;
				CLANG_WARN_DIRECT_OBJC_ISA_USAGE = YES_ERROR;
				CLANG_WARN_DOCUMENTATION_COMMENTS = YES;
				CLANG_WARN_EMPTY_BODY = YES;
				CLANG_WARN_ENUM_CONVERSION = YES;
				CLANG_WARN_INFINITE_RECURSION = YES;
				CLANG_WARN_INT_CONVERSION = YES;
				CLANG_WARN_NON_LITERAL_NULL_CONVERSION = YES;
				CLANG_WARN_OBJC_IMPLICIT_RETAIN_SELF = YES;
				CLANG_WARN_OBJC_LITERAL_CONVERSION = YES;
				CLANG_WARN_OBJC_ROOT_CLASS = YES_ERROR;
				CLANG_WARN_QUOTED_INCLUDE_IN_FRAMEWORK_HEADER = YES;
				CLANG_WARN_RANGE_LOOP_ANALYSIS = YES;
				CLANG_WARN_STRICT_PROTOTYPES = YES;
				CLANG_WARN_SUSPICIOUS_MOVE = YES;
				CLANG_WARN_UNGUARDED_AVAILABILITY = YES_AGGRESSIVE;
				CLANG_WARN_UNREACHABLE_CODE = YES;
				CLANG_WARN__DUPLICATE_METHOD_MATCH = YES;
				COPY_PHASE_STRIP = NO;
				DEBUG_INFORMATION_FORMAT = dwarf;
				ENABLE_STRICT_OBJC_MSGSEND = YES;
				ENABLE_TESTABILITY = YES;
				GCC_C_LANGUAGE_STANDARD = gnu11;
				GCC_DYNAMIC_NO_PIC = NO;
				GCC_NO_COMMON_BLOCKS = YES;
				GCC_OPTIMIZATION_LEVEL = 0;
				GCC_PREPROCESSOR_DEFINITIONS = (
					"DEBUG=1",
					"$(inherited)",
				);
				GCC_WARN_64_TO_32_BIT_CONVERSION = YES;
				GCC_WARN_ABOUT_RETURN_TYPE = YES_ERROR;
				GCC_WARN_UNDECLARED_SELECTOR = YES;
				GCC_WARN_UNINITIALIZED_AUTOS = YES_AGGRESSIVE;
				GCC_WARN_UNUSED_FUNCTION = YES;
				GCC_WARN_UNUSED_VARIABLE = YES;
				IPHONEOS_DEPLOYMENT_TARGET = 14.0;
				MTL_ENABLE_DEBUG_INFO = INCLUDE_SOURCE;
				MTL_FAST_MATH = YES;
				ONLY_ACTIVE_ARCH = YES;
				SDKROOT = iphoneos;
				SWIFT_ACTIVE_COMPILATION_CONDITIONS = DEBUG;
				SWIFT_OPTIMIZATION_LEVEL = "-Onone";
			};
			name = Debug;
		};
		86ECACBC253B396800661EFB /* Release */ = {
			isa = XCBuildConfiguration;
			buildSettings = {
				ALWAYS_SEARCH_USER_PATHS = NO;
				CLANG_ANALYZER_NONNULL = YES;
				CLANG_ANALYZER_NUMBER_OBJECT_CONVERSION = YES_AGGRESSIVE;
				CLANG_CXX_LANGUAGE_STANDARD = "gnu++14";
				CLANG_CXX_LIBRARY = "libc++";
				CLANG_ENABLE_MODULES = YES;
				CLANG_ENABLE_OBJC_ARC = YES;
				CLANG_ENABLE_OBJC_WEAK = YES;
				CLANG_WARN_BLOCK_CAPTURE_AUTORELEASING = YES;
				CLANG_WARN_BOOL_CONVERSION = YES;
				CLANG_WARN_COMMA = YES;
				CLANG_WARN_CONSTANT_CONVERSION = YES;
				CLANG_WARN_DEPRECATED_OBJC_IMPLEMENTATIONS = YES;
				CLANG_WARN_DIRECT_OBJC_ISA_USAGE = YES_ERROR;
				CLANG_WARN_DOCUMENTATION_COMMENTS = YES;
				CLANG_WARN_EMPTY_BODY = YES;
				CLANG_WARN_ENUM_CONVERSION = YES;
				CLANG_WARN_INFINITE_RECURSION = YES;
				CLANG_WARN_INT_CONVERSION = YES;
				CLANG_WARN_NON_LITERAL_NULL_CONVERSION = YES;
				CLANG_WARN_OBJC_IMPLICIT_RETAIN_SELF = YES;
				CLANG_WARN_OBJC_LITERAL_CONVERSION = YES;
				CLANG_WARN_OBJC_ROOT_CLASS = YES_ERROR;
				CLANG_WARN_QUOTED_INCLUDE_IN_FRAMEWORK_HEADER = YES;
				CLANG_WARN_RANGE_LOOP_ANALYSIS = YES;
				CLANG_WARN_STRICT_PROTOTYPES = YES;
				CLANG_WARN_SUSPICIOUS_MOVE = YES;
				CLANG_WARN_UNGUARDED_AVAILABILITY = YES_AGGRESSIVE;
				CLANG_WARN_UNREACHABLE_CODE = YES;
				CLANG_WARN__DUPLICATE_METHOD_MATCH = YES;
				COPY_PHASE_STRIP = NO;
				DEBUG_INFORMATION_FORMAT = "dwarf-with-dsym";
				ENABLE_NS_ASSERTIONS = NO;
				ENABLE_STRICT_OBJC_MSGSEND = YES;
				GCC_C_LANGUAGE_STANDARD = gnu11;
				GCC_NO_COMMON_BLOCKS = YES;
				GCC_WARN_64_TO_32_BIT_CONVERSION = YES;
				GCC_WARN_ABOUT_RETURN_TYPE = YES_ERROR;
				GCC_WARN_UNDECLARED_SELECTOR = YES;
				GCC_WARN_UNINITIALIZED_AUTOS = YES_AGGRESSIVE;
				GCC_WARN_UNUSED_FUNCTION = YES;
				GCC_WARN_UNUSED_VARIABLE = YES;
				IPHONEOS_DEPLOYMENT_TARGET = 14.0;
				MTL_ENABLE_DEBUG_INFO = NO;
				MTL_FAST_MATH = YES;
				SDKROOT = iphoneos;
				SWIFT_COMPILATION_MODE = wholemodule;
				SWIFT_OPTIMIZATION_LEVEL = "-O";
				VALIDATE_PRODUCT = YES;
			};
			name = Release;
		};
		86ECACBE253B396800661EFB /* Debug */ = {
			isa = XCBuildConfiguration;
			buildSettings = {
				ASSETCATALOG_COMPILER_APPICON_NAME = AppIcon;
				ASSETCATALOG_COMPILER_GLOBAL_ACCENT_COLOR_NAME = AccentColor;
				CODE_SIGN_STYLE = Automatic;
				DEVELOPMENT_TEAM = 5B59TJ7VG3;
				INFOPLIST_FILE = "HW2.2.HueColorView/Supporting Files/Info.plist";
				LD_RUNPATH_SEARCH_PATHS = (
					"$(inherited)",
					"@executable_path/Frameworks",
				);
				PRODUCT_BUNDLE_IDENTIFIER = "VP.HW2-2-HueColorView";
				PRODUCT_NAME = "$(TARGET_NAME)";
				SWIFT_VERSION = 5.0;
				TARGETED_DEVICE_FAMILY = 1;
			};
			name = Debug;
		};
		86ECACBF253B396800661EFB /* Release */ = {
			isa = XCBuildConfiguration;
			buildSettings = {
				ASSETCATALOG_COMPILER_APPICON_NAME = AppIcon;
				ASSETCATALOG_COMPILER_GLOBAL_ACCENT_COLOR_NAME = AccentColor;
				CODE_SIGN_STYLE = Automatic;
				DEVELOPMENT_TEAM = 5B59TJ7VG3;
				INFOPLIST_FILE = "HW2.2.HueColorView/Supporting Files/Info.plist";
				LD_RUNPATH_SEARCH_PATHS = (
					"$(inherited)",
					"@executable_path/Frameworks",
				);
				PRODUCT_BUNDLE_IDENTIFIER = "VP.HW2-2-HueColorView";
				PRODUCT_NAME = "$(TARGET_NAME)";
				SWIFT_VERSION = 5.0;
				TARGETED_DEVICE_FAMILY = 1;
			};
			name = Release;
		};
/* End XCBuildConfiguration section */

/* Begin XCConfigurationList section */
		86ECACA4253B396600661EFB /* Build configuration list for PBXProject "HW2.2.HueColorView" */ = {
			isa = XCConfigurationList;
			buildConfigurations = (
				86ECACBB253B396800661EFB /* Debug */,
				86ECACBC253B396800661EFB /* Release */,
			);
			defaultConfigurationIsVisible = 0;
			defaultConfigurationName = Release;
		};
		86ECACBD253B396800661EFB /* Build configuration list for PBXNativeTarget "HW2.2.HueColorView" */ = {
			isa = XCConfigurationList;
			buildConfigurations = (
				86ECACBE253B396800661EFB /* Debug */,
				86ECACBF253B396800661EFB /* Release */,
			);
			defaultConfigurationIsVisible = 0;
			defaultConfigurationName = Release;
		};
/* End XCConfigurationList section */
	};
	rootObject = 86ECACA1253B396600661EFB /* Project object */;
}
